
Microsoft Visual Studio Solution File, Format Version 12.00
# Visual Studio Version 17
VisualStudioVersion = 17.7.34031.279
MinimumVisualStudioVersion = 10.0.40219.1
Project("{FAE04EC0-301F-11D3-BF4B-00C04F79EFBC}") = "CSharpCodingConcepts", "CSharpCodingConcepts\CSharpCodingConcepts.csproj", "{F02DB7EA-4847-453C-8F3B-B41C7A6BEEEA}"
EndProject
Global
	GlobalSection(SolutionConfigurationPlatforms) = preSolution
		Debug|Any CPU = Debug|Any CPU
		Release|Any CPU = Release|Any CPU
	EndGlobalSection
	GlobalSection(ProjectConfigurationPlatforms) = postSolution
		{F02DB7EA-4847-453C-8F3B-B41C7A6BEEEA}.Debug|Any CPU.ActiveCfg = Debug|Any CPU
		{F02DB7EA-4847-453C-8F3B-B41C7A6BEEEA}.Debug|Any CPU.Build.0 = Debug|Any CPU
		{F02DB7EA-4847-453C-8F3B-B41C7A6BEEEA}.Release|Any CPU.ActiveCfg = Release|Any CPU
		{F02DB7EA-4847-453C-8F3B-B41C7A6BEEEA}.Release|Any CPU.Build.0 = Release|Any CPU
	EndGlobalSection
	GlobalSection(SolutionProperties) = preSolution
		HideSolutionNode = FALSE
	EndGlobalSection
	GlobalSection(ExtensibilityGlobals) = postSolution
		SolutionGuid = {293CF4AB-A6B2-4E54-92D2-F595B6A53476}
	EndGlobalSection
EndGlobal
